
Microsoft Visual Studio Solution File, Format Version 12.00
# Visual Studio 15
VisualStudioVersion = 15.0.28307.329
MinimumVisualStudioVersion = 10.0.40219.1
Project("{FAE04EC0-301F-11D3-BF4B-00C04F79EFBC}") = "HolyChildhood", "HolyChildhood\HolyChildhood.csproj", "{77B24E25-4C99-405D-813C-1B62812F9EE6}"
EndProject
Global
	GlobalSection(SolutionConfigurationPlatforms) = preSolution
		Debug|Any CPU = Debug|Any CPU
		Release|Any CPU = Release|Any CPU
	EndGlobalSection
	GlobalSection(ProjectConfigurationPlatforms) = postSolution
		{77B24E25-4C99-405D-813C-1B62812F9EE6}.Debug|Any CPU.ActiveCfg = Debug|Any CPU
		{77B24E25-4C99-405D-813C-1B62812F9EE6}.Debug|Any CPU.Build.0 = Debug|Any CPU
		{77B24E25-4C99-405D-813C-1B62812F9EE6}.Release|Any CPU.ActiveCfg = Release|Any CPU
		{77B24E25-4C99-405D-813C-1B62812F9EE6}.Release|Any CPU.Build.0 = Release|Any CPU
	EndGlobalSection
	GlobalSection(SolutionProperties) = preSolution
		HideSolutionNode = FALSE
	EndGlobalSection
	GlobalSection(ExtensibilityGlobals) = postSolution
		SolutionGuid = {3DB2644E-5B8F-4CEC-AE71-437B127AD7A2}
	EndGlobalSection
EndGlobal
